
Microsoft Visual Studio Solution File, Format Version 12.00
# Visual Studio 15
VisualStudioVersion = 15.0.26730.12
MinimumVisualStudioVersion = 10.0.40219.1
Project("{FAE04EC0-301F-11D3-BF4B-00C04F79EFBC}") = "recers2", "recers2\recers2.csproj", "{BF8D1EEF-D752-42F5-BF5F-42E632415F20}"
EndProject
Global
	GlobalSection(SolutionConfigurationPlatforms) = preSolution
		Debug|Any CPU = Debug|Any CPU
		Release|Any CPU = Release|Any CPU
	EndGlobalSection
	GlobalSection(ProjectConfigurationPlatforms) = postSolution
		{BF8D1EEF-D752-42F5-BF5F-42E632415F20}.Debug|Any CPU.ActiveCfg = Debug|Any CPU
		{BF8D1EEF-D752-42F5-BF5F-42E632415F20}.Debug|Any CPU.Build.0 = Debug|Any CPU
		{BF8D1EEF-D752-42F5-BF5F-42E632415F20}.Release|Any CPU.ActiveCfg = Release|Any CPU
		{BF8D1EEF-D752-42F5-BF5F-42E632415F20}.Release|Any CPU.Build.0 = Release|Any CPU
	EndGlobalSection
	GlobalSection(SolutionProperties) = preSolution
		HideSolutionNode = FALSE
	EndGlobalSection
	GlobalSection(ExtensibilityGlobals) = postSolution
		SolutionGuid = {03DFA216-7102-452E-8702-2BD28190D433}
	EndGlobalSection
EndGlobal
